
Microsoft Visual Studio Solution File, Format Version 12.00
# Visual Studio Version 17
VisualStudioVersion = 17.0.31903.59
MinimumVisualStudioVersion = 10.0.40219.1
Project("{2150E333-8FDC-42A3-9474-1A3956D46DE8}") = "src", "src", "{D854536E-AE8B-4338-B08F-BD3C49682AEA}"
EndProject
Project("{F2A71F9B-5D33-465A-A702-920D77279786}") = "FactorLib", "src\FactorLib\FactorLib.fsproj", "{F04A3B63-05F3-419D-8060-F89B58C622C4}"
EndProject
Global
	GlobalSection(SolutionConfigurationPlatforms) = preSolution
		Debug|Any CPU = Debug|Any CPU
		Release|Any CPU = Release|Any CPU
	EndGlobalSection
	GlobalSection(SolutionProperties) = preSolution
		HideSolutionNode = FALSE
	EndGlobalSection
	GlobalSection(ProjectConfigurationPlatforms) = postSolution
		{F04A3B63-05F3-419D-8060-F89B58C622C4}.Debug|Any CPU.ActiveCfg = Debug|Any CPU
		{F04A3B63-05F3-419D-8060-F89B58C622C4}.Debug|Any CPU.Build.0 = Debug|Any CPU
		{F04A3B63-05F3-419D-8060-F89B58C622C4}.Release|Any CPU.ActiveCfg = Release|Any CPU
		{F04A3B63-05F3-419D-8060-F89B58C622C4}.Release|Any CPU.Build.0 = Release|Any CPU
	EndGlobalSection
	GlobalSection(NestedProjects) = preSolution
		{F04A3B63-05F3-419D-8060-F89B58C622C4} = {D854536E-AE8B-4338-B08F-BD3C49682AEA}
	EndGlobalSection
EndGlobal
